{
  "name": "ngx-chat-demo",
  "version": "0.0.0",
  "lockfileVersion": 2,
  "requires": true,
  "packages": {
    "": {
      "name": "ngx-chat-demo",
      "version": "0.0.0",
      "license": "MIT",
      "dependencies": {
        "@angular/animations": "14.2.4",
        "@angular/cdk": "14.2.3",
        "@angular/common": "14.2.4",
        "@angular/compiler": "14.2.4",
        "@angular/core": "14.2.4",
        "@angular/forms": "14.2.4",
        "@angular/platform-browser": "14.2.4",
        "@angular/platform-browser-dynamic": "14.2.4",
        "@angular/router": "14.2.4",
        "@pazznetwork/strophets": "0.0.5",
        "rxjs": "7.5.7",
        "tslib": "2.4.0",
        "zone.js": "0.11.8"
      },
      "devDependencies": {}
    },
    "node_modules/@angular/animations": {
      "version": "14.2.4",
      "resolved": "https://registry.npmjs.org/@angular/animations/-/animations-14.2.4.tgz",
      "integrity": "sha512-c7uhSayAKQQjaLEGHAg8i0170qj6pixQmG0ox/fJJ0Esz3bb1IZcAUO9JSXSykpUBFV7Dm8pmorji4w3VvN4gQ==",
      "dependencies": {
        "tslib": "^2.3.0"
      },
      "engines": {
        "node": "^14.15.0 || >=16.10.0"
      },
      "peerDependencies": {
        "@angular/core": "14.2.4"
      }
    },
    "node_modules/@angular/cdk": {
      "version": "14.2.3",
      "resolved": "https://registry.npmjs.org/@angular/cdk/-/cdk-14.2.3.tgz",
      "integrity": "sha512-ej8LZOlND4x5w18R930gtXBgvyUAGapiz0romp4Q5NXGdvin/D9fjBHT6t+WzcWZTckWFsgOVtTHhjSTb6KF+g==",
      "dependencies": {
        "tslib": "^2.3.0"
      },
      "optionalDependencies": {
        "parse5": "^5.0.0"
      },
      "peerDependencies": {
        "@angular/common": "^14.0.0 || ^15.0.0",
        "@angular/core": "^14.0.0 || ^15.0.0",
        "rxjs": "^6.5.3 || ^7.4.0"
      }
    },
    "node_modules/@angular/common": {
      "version": "14.2.4",
      "resolved": "https://registry.npmjs.org/@angular/common/-/common-14.2.4.tgz",
      "integrity": "sha512-nzmRUhdyKomgsf1vUdx7KOXS7OXkvdpF/1CSagqsIGYVLbL8cGZ6ROrdEuxkSsE9GUt/OAIkC4How4/LLPut1A==",
      "dependencies": {
        "tslib": "^2.3.0"
      },
      "engines": {
        "node": "^14.15.0 || >=16.10.0"
      },
      "peerDependencies": {
        "@angular/core": "14.2.4",
        "rxjs": "^6.5.3 || ^7.4.0"
      }
    },
    "node_modules/@angular/compiler": {
      "version": "14.2.4",
      "resolved": "https://registry.npmjs.org/@angular/compiler/-/compiler-14.2.4.tgz",
      "integrity": "sha512-fBvTPPWBYA65bAmrqKcnzUHAhZ/tfs+nG+IeDukn4TeyQplVjDYOlqjf84jYQubSIx8WTicZzRFn0dIGsPaSNw==",
      "dependencies": {
        "tslib": "^2.3.0"
      },
      "engines": {
        "node": "^14.15.0 || >=16.10.0"
      },
      "peerDependencies": {
        "@angular/core": "14.2.4"
      },
      "peerDependenciesMeta": {
        "@angular/core": {
          "optional": true
        }
      }
    },
    "node_modules/@angular/core": {
      "version": "14.2.4",
      "resolved": "https://registry.npmjs.org/@angular/core/-/core-14.2.4.tgz",
      "integrity": "sha512-wB19wKmZE+X07mLbxYyqeg3v1JXy8m0+ShZD2oY3dmgk1mXOf5XVQxRZohGTrbPw83EdSWwx3vz+jjylGunVZQ==",
      "dependencies": {
        "tslib": "^2.3.0"
      },
      "engines": {
        "node": "^14.15.0 || >=16.10.0"
      },
      "peerDependencies": {
        "rxjs": "^6.5.3 || ^7.4.0",
        "zone.js": "~0.11.4"
      }
    },
    "node_modules/@angular/forms": {
      "version": "14.2.4",
      "resolved": "https://registry.npmjs.org/@angular/forms/-/forms-14.2.4.tgz",
      "integrity": "sha512-m1asD8SazzMPzcli054zwLYz7hiXiaCXfqmQOFdQQd3OnPNKeCGDS8GFX7Yd/+3fz4REGeSon9YRhq7/W0TDlA==",
      "dependencies": {
        "tslib": "^2.3.0"
      },
      "engines": {
        "node": "^14.15.0 || >=16.10.0"
      },
      "peerDependencies": {
        "@angular/common": "14.2.4",
        "@angular/core": "14.2.4",
        "@angular/platform-browser": "14.2.4",
        "rxjs": "^6.5.3 || ^7.4.0"
      }
    },
    "node_modules/@angular/platform-browser": {
      "version": "14.2.4",
      "resolved": "https://registry.npmjs.org/@angular/platform-browser/-/platform-browser-14.2.4.tgz",
      "integrity": "sha512-/NAQXYLgyeb2L15EsaKgGEn50GH/O3t1FOjBvVZg6L423X0H6dIOL4bxbLcKAj9+bUDtdUzDiDoYyt6YEidH+g==",
      "dependencies": {
        "tslib": "^2.3.0"
      },
      "engines": {
        "node": "^14.15.0 || >=16.10.0"
      },
      "peerDependencies": {
        "@angular/animations": "14.2.4",
        "@angular/common": "14.2.4",
        "@angular/core": "14.2.4"
      },
      "peerDependenciesMeta": {
        "@angular/animations": {
          "optional": true
        }
      }
    },
    "node_modules/@angular/platform-browser-dynamic": {
      "version": "14.2.4",
      "resolved": "https://registry.npmjs.org/@angular/platform-browser-dynamic/-/platform-browser-dynamic-14.2.4.tgz",
      "integrity": "sha512-6jEVKzIqT9lipq4xZftBskHKl3jrL1pQbK8diirJH0mNeuj0wvE+fqfKtVVl898OI/iJ3aAKyQf5YmOe1k8PAw==",
      "dependencies": {
        "tslib": "^2.3.0"
      },
      "engines": {
        "node": "^14.15.0 || >=16.10.0"
      },
      "peerDependencies": {
        "@angular/common": "14.2.4",
        "@angular/compiler": "14.2.4",
        "@angular/core": "14.2.4",
        "@angular/platform-browser": "14.2.4"
      }
    },
    "node_modules/@angular/router": {
      "version": "14.2.4",
      "resolved": "https://registry.npmjs.org/@angular/router/-/router-14.2.4.tgz",
      "integrity": "sha512-zjsiy/1zrZfZnfIbo2vVgZ+UhCo3okabVr43eIvJhBwcNKzM8Zv17oN9FFlWvSzKKkbsoNIgJkTI85L1YsKtjg==",
      "dependencies": {
        "tslib": "^2.3.0"
      },
      "engines": {
        "node": "^14.15.0 || >=16.10.0"
      },
      "peerDependencies": {
        "@angular/common": "14.2.4",
        "@angular/core": "14.2.4",
        "@angular/platform-browser": "14.2.4",
        "rxjs": "^6.5.3 || ^7.4.0"
      }
    },
    "node_modules/@pazznetwork/strophets": {
      "version": "0.0.5",
      "resolved": "https://registry.npmjs.org/@pazznetwork/strophets/-/strophets-0.0.5.tgz",
      "integrity": "sha512-ErpDv7KdRssR0AucQKhB6s3x0EDMmcGr986FjR/2pgL2CKB2JWG+99UQ5gU4ttA0Qm83KOEaRpE8pIOu6ZoKUw=="
    },
    "node_modules/parse5": {
      "version": "5.1.1",
      "license": "MIT",
      "optional": true
    },
    "node_modules/rxjs": {
      "version": "7.5.7",
      "resolved": "https://registry.npmjs.org/rxjs/-/rxjs-7.5.7.tgz",
      "integrity": "sha512-z9MzKh/UcOqB3i20H6rtrlaE/CgjLOvheWK/9ILrbhROGTweAi1BaFsTT9FbwZi5Trr1qNRs+MXkhmR06awzQA==",
      "dependencies": {
        "tslib": "^2.1.0"
      }
    },
    "node_modules/tslib": {
      "version": "2.4.0",
      "resolved": "https://registry.npmjs.org/tslib/-/tslib-2.4.0.tgz",
      "integrity": "sha512-d6xOpEDfsi2CZVlPQzGeux8XMwLT9hssAsaPYExaQMuYskwb+x1x7J371tWlbBdWHroy99KnVB6qIkUbs5X3UQ=="
    },
    "node_modules/zone.js": {
      "version": "0.11.8",
      "resolved": "https://registry.npmjs.org/zone.js/-/zone.js-0.11.8.tgz",
      "integrity": "sha512-82bctBg2hKcEJ21humWIkXRlLBBmrc3nN7DFh5LGGhcyycO2S7FN8NmdvlcKaGFDNVL4/9kFLmwmInTavdJERA==",
      "dependencies": {
        "tslib": "^2.3.0"
      }
    }
  },
  "dependencies": {
    "@angular/animations": {
      "version": "14.2.4",
      "resolved": "https://registry.npmjs.org/@angular/animations/-/animations-14.2.4.tgz",
      "integrity": "sha512-c7uhSayAKQQjaLEGHAg8i0170qj6pixQmG0ox/fJJ0Esz3bb1IZcAUO9JSXSykpUBFV7Dm8pmorji4w3VvN4gQ==",
      "requires": {
        "tslib": "^2.3.0"
      }
    },
    "@angular/cdk": {
      "version": "14.2.3",
      "resolved": "https://registry.npmjs.org/@angular/cdk/-/cdk-14.2.3.tgz",
      "integrity": "sha512-ej8LZOlND4x5w18R930gtXBgvyUAGapiz0romp4Q5NXGdvin/D9fjBHT6t+WzcWZTckWFsgOVtTHhjSTb6KF+g==",
      "requires": {
        "parse5": "^5.0.0",
        "tslib": "^2.3.0"
      }
    },
    "@angular/common": {
      "version": "14.2.4",
      "resolved": "https://registry.npmjs.org/@angular/common/-/common-14.2.4.tgz",
      "integrity": "sha512-nzmRUhdyKomgsf1vUdx7KOXS7OXkvdpF/1CSagqsIGYVLbL8cGZ6ROrdEuxkSsE9GUt/OAIkC4How4/LLPut1A==",
      "requires": {
        "tslib": "^2.3.0"
      }
    },
    "@angular/compiler": {
      "version": "14.2.4",
      "resolved": "https://registry.npmjs.org/@angular/compiler/-/compiler-14.2.4.tgz",
      "integrity": "sha512-fBvTPPWBYA65bAmrqKcnzUHAhZ/tfs+nG+IeDukn4TeyQplVjDYOlqjf84jYQubSIx8WTicZzRFn0dIGsPaSNw==",
      "requires": {
        "tslib": "^2.3.0"
      }
    },
    "@angular/core": {
      "version": "14.2.4",
      "resolved": "https://registry.npmjs.org/@angular/core/-/core-14.2.4.tgz",
      "integrity": "sha512-wB19wKmZE+X07mLbxYyqeg3v1JXy8m0+ShZD2oY3dmgk1mXOf5XVQxRZohGTrbPw83EdSWwx3vz+jjylGunVZQ==",
      "requires": {
        "tslib": "^2.3.0"
      }
    },
    "@angular/forms": {
      "version": "14.2.4",
      "resolved": "https://registry.npmjs.org/@angular/forms/-/forms-14.2.4.tgz",
      "integrity": "sha512-m1asD8SazzMPzcli054zwLYz7hiXiaCXfqmQOFdQQd3OnPNKeCGDS8GFX7Yd/+3fz4REGeSon9YRhq7/W0TDlA==",
      "requires": {
        "tslib": "^2.3.0"
      }
    },
    "@angular/platform-browser": {
      "version": "14.2.4",
      "resolved": "https://registry.npmjs.org/@angular/platform-browser/-/platform-browser-14.2.4.tgz",
      "integrity": "sha512-/NAQXYLgyeb2L15EsaKgGEn50GH/O3t1FOjBvVZg6L423X0H6dIOL4bxbLcKAj9+bUDtdUzDiDoYyt6YEidH+g==",
      "requires": {
        "tslib": "^2.3.0"
      }
    },
    "@angular/platform-browser-dynamic": {
      "version": "14.2.4",
      "resolved": "https://registry.npmjs.org/@angular/platform-browser-dynamic/-/platform-browser-dynamic-14.2.4.tgz",
      "integrity": "sha512-6jEVKzIqT9lipq4xZftBskHKl3jrL1pQbK8diirJH0mNeuj0wvE+fqfKtVVl898OI/iJ3aAKyQf5YmOe1k8PAw==",
      "requires": {
        "tslib": "^2.3.0"
      }
    },
    "@angular/router": {
      "version": "14.2.4",
      "resolved": "https://registry.npmjs.org/@angular/router/-/router-14.2.4.tgz",
      "integrity": "sha512-zjsiy/1zrZfZnfIbo2vVgZ+UhCo3okabVr43eIvJhBwcNKzM8Zv17oN9FFlWvSzKKkbsoNIgJkTI85L1YsKtjg==",
      "requires": {
        "tslib": "^2.3.0"
      }
    },
    "@pazznetwork/strophets": {
      "version": "0.0.5",
      "resolved": "https://registry.npmjs.org/@pazznetwork/strophets/-/strophets-0.0.5.tgz",
      "integrity": "sha512-ErpDv7KdRssR0AucQKhB6s3x0EDMmcGr986FjR/2pgL2CKB2JWG+99UQ5gU4ttA0Qm83KOEaRpE8pIOu6ZoKUw=="
    },
    "parse5": {
      "version": "5.1.1",
      "optional": true
    },
    "rxjs": {
      "version": "7.5.7",
      "resolved": "https://registry.npmjs.org/rxjs/-/rxjs-7.5.7.tgz",
      "integrity": "sha512-z9MzKh/UcOqB3i20H6rtrlaE/CgjLOvheWK/9ILrbhROGTweAi1BaFsTT9FbwZi5Trr1qNRs+MXkhmR06awzQA==",
      "requires": {
        "tslib": "^2.1.0"
      }
    },
    "tslib": {
      "version": "2.4.0",
      "resolved": "https://registry.npmjs.org/tslib/-/tslib-2.4.0.tgz",
      "integrity": "sha512-d6xOpEDfsi2CZVlPQzGeux8XMwLT9hssAsaPYExaQMuYskwb+x1x7J371tWlbBdWHroy99KnVB6qIkUbs5X3UQ=="
    },
    "zone.js": {
      "version": "0.11.8",
      "resolved": "https://registry.npmjs.org/zone.js/-/zone.js-0.11.8.tgz",
      "integrity": "sha512-82bctBg2hKcEJ21humWIkXRlLBBmrc3nN7DFh5LGGhcyycO2S7FN8NmdvlcKaGFDNVL4/9kFLmwmInTavdJERA==",
      "requires": {
        "tslib": "^2.3.0"
      }
    }
  }
}
